{
  "lockfile_version": "1",
  "packages": {
    "pipenv@2024.2.0": {
      "last_modified": "2025-02-07T11:26:36Z",
      "resolved": "github:NixOS/nixpkgs/d98abf5cf5914e5e4e9d57205e3af55ca90ffc1d#pipenv",
      "source": "devbox-search",
      "version": "2024.2.0",
      "systems": {
        "aarch64-darwin": {
          "outputs": [
            {
              "name": "out",
              "path": "/nix/store/hh6cxvvnid1gmdq6nwz3az98h6jc9m9z-pipenv-2024.2.0",
              "default": true
            },
            {
              "name": "dist",
              "path": "/nix/store/bb7m43nxcz6nc1rgqh9336rcg0fjcd9m-pipenv-2024.2.0-dist"
            }
          ],
          "store_path": "/nix/store/hh6cxvvnid1gmdq6nwz3az98h6jc9m9z-pipenv-2024.2.0"
        },
        "aarch64-linux": {
          "outputs": [
            {
              "name": "out",
              "path": "/nix/store/lpg6r9gl1m0rxls4wzlzrc9cd4rd0sh0-pipenv-2024.2.0",
              "default": true
            },
            {
              "name": "dist",
              "path": "/nix/store/k70yf0b7r2glx3bz362m7gk1xd77mi4p-pipenv-2024.2.0-dist"
            }
          ],
          "store_path": "/nix/store/lpg6r9gl1m0rxls4wzlzrc9cd4rd0sh0-pipenv-2024.2.0"
        },
        "x86_64-darwin": {
          "outputs": [
            {
              "name": "out",
              "path": "/nix/store/68nrv19jf8fzq0f5g8p5blbbmbbxm847-pipenv-2024.2.0",
              "default": true
            },
            {
              "name": "dist",
              "path": "/nix/store/w2b0qfyjrq2fjw3565n0c8k5ahwp2724-pipenv-2024.2.0-dist"
            }
          ],
          "store_path": "/nix/store/68nrv19jf8fzq0f5g8p5blbbmbbxm847-pipenv-2024.2.0"
        },
        "x86_64-linux": {
          "outputs": [
            {
              "name": "out",
              "path": "/nix/store/xqgdxcvn3hiikgyn9dw93dzb52nmk1l9-pipenv-2024.2.0",
              "default": true
            },
            {
              "name": "dist",
              "path": "/nix/store/rq6lxcsbs51k9sp7n8pl20q9qn60wjzs-pipenv-2024.2.0-dist"
            }
          ],
          "store_path": "/nix/store/xqgdxcvn3hiikgyn9dw93dzb52nmk1l9-pipenv-2024.2.0"
        }
      }
    },
    "python-full@3.11.12": {
      "last_modified": "2025-05-06T08:06:31Z",
      "plugin_version": "0.0.4",
      "resolved": "github:NixOS/nixpkgs/1cb1c02a6b1b7cf67e3d7731cbbf327a53da9679#python311Full",
      "source": "devbox-search",
      "version": "3.11.12",
      "systems": {
        "aarch64-darwin": {
          "outputs": [
            {
              "name": "out",
              "path": "/nix/store/kc299r1zbh65jdsmrykyhm4441p4w01z-python3-3.11.12",
              "default": true
            }
          ],
          "store_path": "/nix/store/kc299r1zbh65jdsmrykyhm4441p4w01z-python3-3.11.12"
        },
        "aarch64-linux": {
          "outputs": [
            {
              "name": "out",
              "path": "/nix/store/ilb6llvplziyv2rij2zqbikz5xwf4nr6-python3-3.11.12",
              "default": true
            },
            {
              "name": "debug",
              "path": "/nix/store/v05llnvyc96cydfal83r89h4hyqsiisq-python3-3.11.12-debug"
            }
          ],
          "store_path": "/nix/store/ilb6llvplziyv2rij2zqbikz5xwf4nr6-python3-3.11.12"
        },
        "x86_64-darwin": {
          "outputs": [
            {
              "name": "out",
              "path": "/nix/store/g946lhqil07rgakfw0z3c5pi7978lb2z-python3-3.11.12",
              "default": true
            }
          ],
          "store_path": "/nix/store/g946lhqil07rgakfw0z3c5pi7978lb2z-python3-3.11.12"
        },
        "x86_64-linux": {
          "outputs": [
            {
              "name": "out",
              "path": "/nix/store/lg1wip8vnml9wx2xrh42028cpkg4pb43-python3-3.11.12",
              "default": true
            },
            {
              "name": "debug",
              "path": "/nix/store/bikrjg7m6184vm3f2wab7biw2ph53z3b-python3-3.11.12-debug"
            }
          ],
          "store_path": "/nix/store/lg1wip8vnml9wx2xrh42028cpkg4pb43-python3-3.11.12"
        }
      }
    }
  }
}
