{
  "lockfile_version": "1",
  "packages": {
    "pipenv@2024.4.1": {
      "last_modified": "2025-05-06T08:06:31Z",
      "resolved": "github:NixOS/nixpkgs/1cb1c02a6b1b7cf67e3d7731cbbf327a53da9679#pipenv",
      "source": "devbox-search",
      "version": "2024.4.1",
      "systems": {
        "aarch64-darwin": {
          "outputs": [
            {
              "name": "out",
              "path": "/nix/store/rcfls1d13gmr68yry6mbm7j0iqbddmb8-pipenv-2024.4.1",
              "default": true
            },
            {
              "name": "dist",
              "path": "/nix/store/85g64shnik5y08camdshzc14w2gd36l6-pipenv-2024.4.1-dist"
            }
          ],
          "store_path": "/nix/store/rcfls1d13gmr68yry6mbm7j0iqbddmb8-pipenv-2024.4.1"
        },
        "aarch64-linux": {
          "outputs": [
            {
              "name": "out",
              "path": "/nix/store/slzacrichnbgph9g7panbf8ykkm334ff-pipenv-2024.4.1",
              "default": true
            },
            {
              "name": "dist",
              "path": "/nix/store/ciyjc10bi5viir7w16wmki9a6qkvkk17-pipenv-2024.4.1-dist"
            }
          ],
          "store_path": "/nix/store/slzacrichnbgph9g7panbf8ykkm334ff-pipenv-2024.4.1"
        },
        "x86_64-darwin": {
          "outputs": [
            {
              "name": "out",
              "path": "/nix/store/sxl8xgb419pyaaam581v0y301i8fyiks-pipenv-2024.4.1",
              "default": true
            },
            {
              "name": "dist",
              "path": "/nix/store/gv7bdfdxirh98f2rm51lcybfqb17x87b-pipenv-2024.4.1-dist"
            }
          ],
          "store_path": "/nix/store/sxl8xgb419pyaaam581v0y301i8fyiks-pipenv-2024.4.1"
        },
        "x86_64-linux": {
          "outputs": [
            {
              "name": "out",
              "path": "/nix/store/sprrzcv687xqxfpy80nd53q50vd6dhaq-pipenv-2024.4.1",
              "default": true
            },
            {
              "name": "dist",
              "path": "/nix/store/l5mmhz0y9jbccr0j2ci04fzd1rcpf6ib-pipenv-2024.4.1-dist"
            }
          ],
          "store_path": "/nix/store/sprrzcv687xqxfpy80nd53q50vd6dhaq-pipenv-2024.4.1"
        }
      }
    },
    "python-full@3.11.11": {
      "last_modified": "2025-04-17T05:47:26Z",
      "plugin_version": "0.0.4",
      "resolved": "github:NixOS/nixpkgs/ebe4301cbd8f81c4f8d3244b3632338bbeb6d49c#python311Full",
      "source": "devbox-search",
      "version": "3.11.11",
      "systems": {
        "aarch64-darwin": {
          "outputs": [
            {
              "name": "out",
              "path": "/nix/store/pxf8y6hl8rxws52xmcl0g9ap20c2nmn1-python3-3.11.11",
              "default": true
            }
          ],
          "store_path": "/nix/store/pxf8y6hl8rxws52xmcl0g9ap20c2nmn1-python3-3.11.11"
        },
        "aarch64-linux": {
          "outputs": [
            {
              "name": "out",
              "path": "/nix/store/niqqnsq036yakahfji3fcb4i067ywz54-python3-3.11.11",
              "default": true
            },
            {
              "name": "debug",
              "path": "/nix/store/b8jp8raipfdgg9b8124hks84xwnjk3wy-python3-3.11.11-debug"
            }
          ],
          "store_path": "/nix/store/niqqnsq036yakahfji3fcb4i067ywz54-python3-3.11.11"
        },
        "x86_64-darwin": {
          "outputs": [
            {
              "name": "out",
              "path": "/nix/store/rxgfmx8kfakn2p4ww3im3isnc10im09c-python3-3.11.11",
              "default": true
            }
          ],
          "store_path": "/nix/store/rxgfmx8kfakn2p4ww3im3isnc10im09c-python3-3.11.11"
        },
        "x86_64-linux": {
          "outputs": [
            {
              "name": "out",
              "path": "/nix/store/71a442paq7zllya1z8b1xlfb0a6nngwp-python3-3.11.11",
              "default": true
            },
            {
              "name": "debug",
              "path": "/nix/store/yqkrjsng210d2fml8znkfa1wmg60fixc-python3-3.11.11-debug"
            }
          ],
          "store_path": "/nix/store/71a442paq7zllya1z8b1xlfb0a6nngwp-python3-3.11.11"
        }
      }
    }
  }
}
